{
  "nodes": {
    "back-and-forward": {
      "flake": false,
      "locked": {
        "lastModified": 1582980646,
        "narHash": "sha256-r8t1RKyh4KMSTUEgcWL3EPnqtnt66raTSje/vEH0lvo=",
        "owner": "Bakudankun",
        "repo": "BackAndForward.vim",
        "rev": "05d8c94404b4464f6e69c1e29a27100fc3e6bee8",
        "type": "github"
      },
      "original": {
        "owner": "Bakudankun",
        "repo": "BackAndForward.vim",
        "type": "github"
      }
    },
    "cmp-skkeleton": {
      "flake": false,
      "locked": {
        "lastModified": 1644642235,
        "narHash": "sha256-ZJuMiF02DNWe15/r4RQ3m8YbquHywrRZgoPTO5tUETQ=",
        "owner": "rinx",
        "repo": "cmp-skkeleton",
        "rev": "f03f3019d2afd6885878ffd6471bb3983b4aacc9",
        "type": "github"
      },
      "original": {
        "owner": "rinx",
        "repo": "cmp-skkeleton",
        "type": "github"
      }
    },
    "denops": {
      "flake": false,
      "locked": {
        "lastModified": 1673443417,
        "narHash": "sha256-TdO0IKKJpl7j93Rc28a2bfKxypUksv+rOFRYbkStvbc=",
        "owner": "vim-denops",
        "repo": "denops.vim",
        "rev": "ccf70548264620d15b9ec0f4e4d0cc46d64de023",
        "type": "github"
      },
      "original": {
        "owner": "vim-denops",
        "repo": "denops.vim",
        "type": "github"
      }
    },
    "fern-bookmark": {
      "flake": false,
      "locked": {
        "lastModified": 1645601682,
        "narHash": "sha256-Tkdfce9SnXv6SdsRtwl56q+czHX3QMDzXI60DpOVT/A=",
        "owner": "lambdalisue",
        "repo": "fern-bookmark.vim",
        "rev": "34692709e034548c7be37ed417807c1d76a27600",
        "type": "github"
      },
      "original": {
        "owner": "lambdalisue",
        "repo": "fern-bookmark.vim",
        "type": "github"
      }
    },
    "fern-git-status": {
      "flake": false,
      "locked": {
        "lastModified": 1626311991,
        "narHash": "sha256-9N+T/MB+4hKcxoKRwY8F7iwmTsMtNmHCHiVZfcsADcc=",
        "owner": "lambdalisue",
        "repo": "fern-git-status.vim",
        "rev": "151336335d3b6975153dad77e60049ca7111da8e",
        "type": "github"
      },
      "original": {
        "owner": "lambdalisue",
        "repo": "fern-git-status.vim",
        "type": "github"
      }
    },
    "fern-hijack": {
      "flake": false,
      "locked": {
        "lastModified": 1644634293,
        "narHash": "sha256-zvTTdkyywBl0U3DdZnzIXunFTZR9eRL3fJFWjAbb7JI=",
        "owner": "lambdalisue",
        "repo": "fern-hijack.vim",
        "rev": "5989a1ac6ddffd0fe49631826b6743b129992b32",
        "type": "github"
      },
      "original": {
        "owner": "lambdalisue",
        "repo": "fern-hijack.vim",
        "type": "github"
      }
    },
    "fern-mapping-git": {
      "flake": false,
      "locked": {
        "lastModified": 1600952509,
        "narHash": "sha256-40topHOLL96FJoSD3k+umy6+8TJTEABEYZSn1/y6F9I=",
        "owner": "lambdalisue",
        "repo": "fern-mapping-git.vim",
        "rev": "df5e7466df8596c95dd355d49a72893018919cf1",
        "type": "github"
      },
      "original": {
        "owner": "lambdalisue",
        "repo": "fern-mapping-git.vim",
        "type": "github"
      }
    },
    "fern-mapping-quickfix": {
      "flake": false,
      "locked": {
        "lastModified": 1597194396,
        "narHash": "sha256-k0E+oSTNveTLEw6VS98M0ftoHccd5S7CJV2g3nuEe38=",
        "owner": "lambdalisue",
        "repo": "fern-mapping-quickfix.vim",
        "rev": "1f81c3bdb4e13d6d1b4bd44ab864041c40d90aa9",
        "type": "github"
      },
      "original": {
        "owner": "lambdalisue",
        "repo": "fern-mapping-quickfix.vim",
        "type": "github"
      }
    },
    "fern-preview": {
      "flake": false,
      "locked": {
        "lastModified": 1661656300,
        "narHash": "sha256-lHiQ+V3rONTHahpfPkhWYI1uuWOmSIqzhyZOwu/9Bd8=",
        "owner": "yuki-yano",
        "repo": "fern-preview.vim",
        "rev": "74f2c1c45eb48fe9b7e4aa87032f053808944e17",
        "type": "github"
      },
      "original": {
        "owner": "yuki-yano",
        "repo": "fern-preview.vim",
        "type": "github"
      }
    },
    "fern-renderer-nerdfont": {
      "flake": false,
      "locked": {
        "lastModified": 1670571559,
        "narHash": "sha256-foX/RguLMKVs0TvBcnfH9m3hkDQmfokzuESrb4iUmw8=",
        "owner": "lambdalisue",
        "repo": "fern-renderer-nerdfont.vim",
        "rev": "1e90a78ab5510fbcedc85abeb9a251d978726935",
        "type": "github"
      },
      "original": {
        "owner": "lambdalisue",
        "repo": "fern-renderer-nerdfont.vim",
        "type": "github"
      }
    },
    "home-manager": {
      "inputs": {
        "nixpkgs": [
          "nixpkgs"
        ],
        "utils": "utils"
      },
      "locked": {
        "lastModified": 1673211936,
        "narHash": "sha256-ba7jhl5BhLtpSooDHllgC0Y29vc0AiYWWsxQVtjlc7o=",
        "owner": "nix-community",
        "repo": "home-manager",
        "rev": "684bdb386cec7d4f16e0da9f694c8ab50ad2cf2a",
        "type": "github"
      },
      "original": {
        "owner": "nix-community",
        "repo": "home-manager",
        "type": "github"
      }
    },
    "nerdfont": {
      "flake": false,
      "locked": {
        "lastModified": 1668956189,
        "narHash": "sha256-FKjjuPk8aQaAB+Jlwa3X8SByFd4WIsthDoqAnX+EJP0=",
        "owner": "lambdalisue",
        "repo": "nerdfont.vim",
        "rev": "3daf10116daad5da257486c9043c658cced4dd31",
        "type": "github"
      },
      "original": {
        "owner": "lambdalisue",
        "repo": "nerdfont.vim",
        "type": "github"
      }
    },
    "nixpkgs": {
      "locked": {
        "lastModified": 1673134516,
        "narHash": "sha256-mAZQKqkNQbBmJnmUU0blOfkKlgMSSVyPHdeWeuKad8U=",
        "owner": "nixos",
        "repo": "nixpkgs",
        "rev": "f6f44561884c3470e2b783683d5dbac42dfc833b",
        "type": "github"
      },
      "original": {
        "owner": "nixos",
        "ref": "nixos-unstable",
        "repo": "nixpkgs",
        "type": "github"
      }
    },
    "root": {
      "inputs": {
        "back-and-forward": "back-and-forward",
        "cmp-skkeleton": "cmp-skkeleton",
        "denops": "denops",
        "fern-bookmark": "fern-bookmark",
        "fern-git-status": "fern-git-status",
        "fern-hijack": "fern-hijack",
        "fern-mapping-git": "fern-mapping-git",
        "fern-mapping-quickfix": "fern-mapping-quickfix",
        "fern-preview": "fern-preview",
        "fern-renderer-nerdfont": "fern-renderer-nerdfont",
        "home-manager": "home-manager",
        "nerdfont": "nerdfont",
        "nixpkgs": "nixpkgs",
        "skkeleton": "skkeleton",
        "vimdoc-ja": "vimdoc-ja"
      }
    },
    "skkeleton": {
      "flake": false,
      "locked": {
        "lastModified": 1673577149,
        "narHash": "sha256-ZHMUr9djDcbjTWjyFdO1pssn25RJIBE33o/pevUaXzU=",
        "owner": "vim-skk",
        "repo": "skkeleton",
        "rev": "b6d9bdf6bbb2c8f9506e5fb1ed71b83b9ab62de6",
        "type": "github"
      },
      "original": {
        "owner": "vim-skk",
        "repo": "skkeleton",
        "type": "github"
      }
    },
    "utils": {
      "locked": {
        "lastModified": 1667395993,
        "narHash": "sha256-nuEHfE/LcWyuSWnS8t12N1wc105Qtau+/OdUAjtQ0rA=",
        "owner": "numtide",
        "repo": "flake-utils",
        "rev": "5aed5285a952e0b949eb3ba02c12fa4fcfef535f",
        "type": "github"
      },
      "original": {
        "owner": "numtide",
        "repo": "flake-utils",
        "type": "github"
      }
    },
    "vimdoc-ja": {
      "flake": false,
      "locked": {
        "lastModified": 1672649505,
        "narHash": "sha256-YCb3gD1Q+mg2PToCaAvUnrh0YmNFcN0GNlWLTIVbQ8o=",
        "owner": "vim-jp",
        "repo": "vimdoc-ja",
        "rev": "e7a5e0bd0ce4759250c5d7116050bd6ef36f821c",
        "type": "github"
      },
      "original": {
        "owner": "vim-jp",
        "repo": "vimdoc-ja",
        "type": "github"
      }
    }
  },
  "root": "root",
  "version": 7
}
